
Microsoft Visual Studio Solution File, Format Version 12.00
# Visual Studio Version 17
VisualStudioVersion = 17.5.33516.290
MinimumVisualStudioVersion = 10.0.40219.1
Project("{9A19103F-16F7-4668-BE54-9A1E7A4F7556}") = "StarWarsTracker.Domain", "StarWarsTracker.Domain\StarWarsTracker.Domain.csproj", "{76198638-2407-4071-9A7C-4EF90B0467AA}"
EndProject
Project("{9A19103F-16F7-4668-BE54-9A1E7A4F7556}") = "StarWarsTracker.Persistence", "StarWarsTracker.Persistence\StarWarsTracker.Persistence.csproj", "{D9664472-8181-42F4-8CCE-F72A08172DAE}"
EndProject
Project("{9A19103F-16F7-4668-BE54-9A1E7A4F7556}") = "StarWarsTracker.Application", "StarWarsTracker.Application\StarWarsTracker.Application.csproj", "{2D918FD5-8BAF-4B06-9271-989A4238FF30}"
EndProject
Project("{00D1A9C2-B5F0-4AF3-8072-F6C62B433612}") = "StarWarsTracker.SqlServerDatabase", "StarWarsTracker.SqlServerDatabase\StarWarsTracker.SqlServerDatabase.sqlproj", "{4DE54390-9A21-430E-87A2-FB1DF7140A22}"
EndProject
Project("{2150E333-8FDC-42A3-9474-1A3956D46DE8}") = "Tests", "Tests", "{0BBBEA6A-35FF-4793-8602-CEB231364CD9}"
EndProject
Project("{FAE04EC0-301F-11D3-BF4B-00C04F79EFBC}") = "StarWarsTracker.Persistence.Tests", "StarWarsTracker.Persistence.Tests\StarWarsTracker.Persistence.Tests.csproj", "{C1EB75F1-C377-4E46-ABD3-112B3D442B10}"
EndProject
Global
	GlobalSection(SolutionConfigurationPlatforms) = preSolution
		Debug|Any CPU = Debug|Any CPU
		Release|Any CPU = Release|Any CPU
	EndGlobalSection
	GlobalSection(ProjectConfigurationPlatforms) = postSolution
		{76198638-2407-4071-9A7C-4EF90B0467AA}.Debug|Any CPU.ActiveCfg = Debug|Any CPU
		{76198638-2407-4071-9A7C-4EF90B0467AA}.Debug|Any CPU.Build.0 = Debug|Any CPU
		{76198638-2407-4071-9A7C-4EF90B0467AA}.Release|Any CPU.ActiveCfg = Release|Any CPU
		{76198638-2407-4071-9A7C-4EF90B0467AA}.Release|Any CPU.Build.0 = Release|Any CPU
		{D9664472-8181-42F4-8CCE-F72A08172DAE}.Debug|Any CPU.ActiveCfg = Debug|Any CPU
		{D9664472-8181-42F4-8CCE-F72A08172DAE}.Debug|Any CPU.Build.0 = Debug|Any CPU
		{D9664472-8181-42F4-8CCE-F72A08172DAE}.Release|Any CPU.ActiveCfg = Release|Any CPU
		{D9664472-8181-42F4-8CCE-F72A08172DAE}.Release|Any CPU.Build.0 = Release|Any CPU
		{2D918FD5-8BAF-4B06-9271-989A4238FF30}.Debug|Any CPU.ActiveCfg = Debug|Any CPU
		{2D918FD5-8BAF-4B06-9271-989A4238FF30}.Debug|Any CPU.Build.0 = Debug|Any CPU
		{2D918FD5-8BAF-4B06-9271-989A4238FF30}.Release|Any CPU.ActiveCfg = Release|Any CPU
		{2D918FD5-8BAF-4B06-9271-989A4238FF30}.Release|Any CPU.Build.0 = Release|Any CPU
		{4DE54390-9A21-430E-87A2-FB1DF7140A22}.Debug|Any CPU.ActiveCfg = Debug|Any CPU
		{4DE54390-9A21-430E-87A2-FB1DF7140A22}.Debug|Any CPU.Build.0 = Debug|Any CPU
		{4DE54390-9A21-430E-87A2-FB1DF7140A22}.Debug|Any CPU.Deploy.0 = Debug|Any CPU
		{4DE54390-9A21-430E-87A2-FB1DF7140A22}.Release|Any CPU.ActiveCfg = Release|Any CPU
		{4DE54390-9A21-430E-87A2-FB1DF7140A22}.Release|Any CPU.Build.0 = Release|Any CPU
		{4DE54390-9A21-430E-87A2-FB1DF7140A22}.Release|Any CPU.Deploy.0 = Release|Any CPU
		{C1EB75F1-C377-4E46-ABD3-112B3D442B10}.Debug|Any CPU.ActiveCfg = Debug|Any CPU
		{C1EB75F1-C377-4E46-ABD3-112B3D442B10}.Debug|Any CPU.Build.0 = Debug|Any CPU
		{C1EB75F1-C377-4E46-ABD3-112B3D442B10}.Release|Any CPU.ActiveCfg = Release|Any CPU
		{C1EB75F1-C377-4E46-ABD3-112B3D442B10}.Release|Any CPU.Build.0 = Release|Any CPU
	EndGlobalSection
	GlobalSection(SolutionProperties) = preSolution
		HideSolutionNode = FALSE
	EndGlobalSection
	GlobalSection(NestedProjects) = preSolution
		{C1EB75F1-C377-4E46-ABD3-112B3D442B10} = {0BBBEA6A-35FF-4793-8602-CEB231364CD9}
	EndGlobalSection
	GlobalSection(ExtensibilityGlobals) = postSolution
		SolutionGuid = {1E423B46-9960-4AF6-A4C5-C597E268BBB5}
	EndGlobalSection
EndGlobal
